
Microsoft Visual Studio Solution File, Format Version 12.00
# Visual Studio 15
VisualStudioVersion = 15.0.28307.421
MinimumVisualStudioVersion = 10.0.40219.1
Project("{FAE04EC0-301F-11D3-BF4B-00C04F79EFBC}") = "react-web-app", "React-Web-Uygulaması\react-web-app.csproj", "{3ACE97BD-C744-40F6-923D-A505BDDA4900}"
EndProject
Global
	GlobalSection(SolutionConfigurationPlatforms) = preSolution
		Debug|Any CPU = Debug|Any CPU
		Release|Any CPU = Release|Any CPU
	EndGlobalSection
	GlobalSection(ProjectConfigurationPlatforms) = postSolution
		{3ACE97BD-C744-40F6-923D-A505BDDA4900}.Debug|Any CPU.ActiveCfg = Debug|Any CPU
		{3ACE97BD-C744-40F6-923D-A505BDDA4900}.Debug|Any CPU.Build.0 = Debug|Any CPU
		{3ACE97BD-C744-40F6-923D-A505BDDA4900}.Release|Any CPU.ActiveCfg = Release|Any CPU
		{3ACE97BD-C744-40F6-923D-A505BDDA4900}.Release|Any CPU.Build.0 = Release|Any CPU
	EndGlobalSection
	GlobalSection(SolutionProperties) = preSolution
		HideSolutionNode = FALSE
	EndGlobalSection
	GlobalSection(ExtensibilityGlobals) = postSolution
		SolutionGuid = {ACE5C1E5-9615-4190-BA39-64493C160F39}
	EndGlobalSection
EndGlobal
